PODS:
  - RxSwift (3.4.0)
  - SwiftyJSON (3.1.4)

DEPENDENCIES:
  - RxSwift (= 3.4.0)
  - SwiftyJSON (= 3.1.4)

SPEC REPOS:
  https://github.com/CocoaPods/Specs.git:
    - RxSwift
    - SwiftyJSON

SPEC CHECKSUMS:
  RxSwift: 3789a1af753002a14edecdb698a2424624296a9c
  SwiftyJSON: c2842d878f95482ffceec5709abc3d05680c0220

PODFILE CHECKSUM: e44de6fc4293796ad165c62b4727a99c7560c253

COCOAPODS: 1.5.0
